
Microsoft Visual Studio Solution File, Format Version 12.00
# Visual Studio Version 16
VisualStudioVersion = 16.0.29911.84
MinimumVisualStudioVersion = 10.0.40219.1
Project("{FAE04EC0-301F-11D3-BF4B-00C04F79EFBC}") = "OnlineShopping", "OnlineShopping.csproj", "{994F2270-E23D-4530-9AD2-470B02C67778}"
EndProject
Project("{FAE04EC0-301F-11D3-BF4B-00C04F79EFBC}") = "OnlineShopping.Data", "..\OnlineShopping.Data\OnlineShopping.Data.csproj", "{565B03AD-4536-4FE6-B0EE-557A4DE82CD4}"
EndProject
Project("{FAE04EC0-301F-11D3-BF4B-00C04F79EFBC}") = "OnlineShopping.Business", "..\OnlineShopping.Business\OnlineShopping.Business.csproj", "{3229A524-DFD6-4A6F-B9BC-EB6AB8E98FC8}"
EndProject
Project("{FAE04EC0-301F-11D3-BF4B-00C04F79EFBC}") = "OnlineShopping.Common", "..\OnlineShopping.Common\OnlineShopping.Common.csproj", "{D84B869D-9870-49F8-8CFD-BA3ABB5C7F7F}"
EndProject
Global
	GlobalSection(SolutionConfigurationPlatforms) = preSolution
		Debug|Any CPU = Debug|Any CPU
		Release|Any CPU = Release|Any CPU
	EndGlobalSection
	GlobalSection(ProjectConfigurationPlatforms) = postSolution
		{994F2270-E23D-4530-9AD2-470B02C67778}.Debug|Any CPU.ActiveCfg = Debug|Any CPU
		{994F2270-E23D-4530-9AD2-470B02C67778}.Debug|Any CPU.Build.0 = Debug|Any CPU
		{994F2270-E23D-4530-9AD2-470B02C67778}.Release|Any CPU.ActiveCfg = Release|Any CPU
		{994F2270-E23D-4530-9AD2-470B02C67778}.Release|Any CPU.Build.0 = Release|Any CPU
		{565B03AD-4536-4FE6-B0EE-557A4DE82CD4}.Debug|Any CPU.ActiveCfg = Debug|Any CPU
		{565B03AD-4536-4FE6-B0EE-557A4DE82CD4}.Debug|Any CPU.Build.0 = Debug|Any CPU
		{565B03AD-4536-4FE6-B0EE-557A4DE82CD4}.Release|Any CPU.ActiveCfg = Release|Any CPU
		{565B03AD-4536-4FE6-B0EE-557A4DE82CD4}.Release|Any CPU.Build.0 = Release|Any CPU
		{3229A524-DFD6-4A6F-B9BC-EB6AB8E98FC8}.Debug|Any CPU.ActiveCfg = Debug|Any CPU
		{3229A524-DFD6-4A6F-B9BC-EB6AB8E98FC8}.Debug|Any CPU.Build.0 = Debug|Any CPU
		{3229A524-DFD6-4A6F-B9BC-EB6AB8E98FC8}.Release|Any CPU.ActiveCfg = Release|Any CPU
		{3229A524-DFD6-4A6F-B9BC-EB6AB8E98FC8}.Release|Any CPU.Build.0 = Release|Any CPU
		{D84B869D-9870-49F8-8CFD-BA3ABB5C7F7F}.Debug|Any CPU.ActiveCfg = Debug|Any CPU
		{D84B869D-9870-49F8-8CFD-BA3ABB5C7F7F}.Debug|Any CPU.Build.0 = Debug|Any CPU
		{D84B869D-9870-49F8-8CFD-BA3ABB5C7F7F}.Release|Any CPU.ActiveCfg = Release|Any CPU
		{D84B869D-9870-49F8-8CFD-BA3ABB5C7F7F}.Release|Any CPU.Build.0 = Release|Any CPU
	EndGlobalSection
	GlobalSection(SolutionProperties) = preSolution
		HideSolutionNode = FALSE
	EndGlobalSection
	GlobalSection(ExtensibilityGlobals) = postSolution
		SolutionGuid = {7CEF8B15-C0E1-4B9C-A2B3-AE48BEB94767}
	EndGlobalSection
EndGlobal
